// !$*UTF8*$!
{
	archiveVersion = 1;
	classes = {
	};
	objectVersion = 56;
	objects = {

/* Begin PBXBuildFile section */
		F63C707328F561230061A720 /* SendTextView.swift in Sources */ = {isa = PBXBuildFile; fileRef = F63C707228F561230061A720 /* SendTextView.swift */; };
		F645B4B128EED2F10019793E /* AppDelegate.swift in Sources */ = {isa = PBXBuildFile; fileRef = F645B4B028EED2F10019793E /* AppDelegate.swift */; };
		F645B4B328EED2F10019793E /* SceneDelegate.swift in Sources */ = {isa = PBXBuildFile; fileRef = F645B4B228EED2F10019793E /* SceneDelegate.swift */; };
		F645B4B528EED2F10019793E /* MainViewController.swift in Sources */ = {isa = PBXBuildFile; fileRef = F645B4B428EED2F10019793E /* MainViewController.swift */; };
		F645B4BB28EED2F10019793E /* MEMENTO.xcdatamodeld in Sources */ = {isa = PBXBuildFile; fileRef = F645B4B928EED2F10019793E /* MEMENTO.xcdatamodeld */; };
		F645B4BD28EED2F20019793E /* Assets.xcassets in Resources */ = {isa = PBXBuildFile; fileRef = F645B4BC28EED2F20019793E /* Assets.xcassets */; };
		F645B4C028EED2F20019793E /* LaunchScreen.storyboard in Resources */ = {isa = PBXBuildFile; fileRef = F645B4BE28EED2F20019793E /* LaunchScreen.storyboard */; };
		F645B4CE28EED4BC0019793E /* Coordinator.swift in Sources */ = {isa = PBXBuildFile; fileRef = F645B4CD28EED4BC0019793E /* Coordinator.swift */; };
		F645B4D028EED54E0019793E /* MainCoordinator.swift in Sources */ = {isa = PBXBuildFile; fileRef = F645B4CF28EED54E0019793E /* MainCoordinator.swift */; };
		F660B95828F3D05F00A39753 /* UIResponder+Extension.swift in Sources */ = {isa = PBXBuildFile; fileRef = F660B95728F3D05F00A39753 /* UIResponder+Extension.swift */; };
		F69AB87F28FFFD0100C533FF /* UIColor+Extension.swift in Sources */ = {isa = PBXBuildFile; fileRef = F69AB87E28FFFD0100C533FF /* UIColor+Extension.swift */; };
		F69AB8812901188900C533FF /* keyboardExtension.swift in Sources */ = {isa = PBXBuildFile; fileRef = F69AB8802901188900C533FF /* keyboardExtension.swift */; };
		F69AB88429011B9200C533FF /* ContentList+TableView.swift in Sources */ = {isa = PBXBuildFile; fileRef = F69AB88329011B9200C533FF /* ContentList+TableView.swift */; };
		F69AB88629011BD100C533FF /* MainViewModel.swift in Sources */ = {isa = PBXBuildFile; fileRef = F69AB88529011BD100C533FF /* MainViewModel.swift */; };
		F69AB88829011D8E00C533FF /* ContentListView.swift in Sources */ = {isa = PBXBuildFile; fileRef = F69AB88729011D8E00C533FF /* ContentListView.swift */; };
		F69AB88A29011EA100C533FF /* ContentCell.swift in Sources */ = {isa = PBXBuildFile; fileRef = F69AB88929011EA100C533FF /* ContentCell.swift */; };
		F69AB88C29011EF700C533FF /* ContentEntity.swift in Sources */ = {isa = PBXBuildFile; fileRef = F69AB88B29011EF700C533FF /* ContentEntity.swift */; };
		F69AB88F2901247B00C533FF /* ContentMockData.swift in Sources */ = {isa = PBXBuildFile; fileRef = F69AB88E2901247B00C533FF /* ContentMockData.swift */; };
		F69DF5AA29024F6200777D11 /* ContentOptionView.swift in Sources */ = {isa = PBXBuildFile; fileRef = F69DF5A929024F6200777D11 /* ContentOptionView.swift */; };
		F69DF5B12902E15900777D11 /* ContentData+CoreDataClass.swift in Sources */ = {isa = PBXBuildFile; fileRef = F69DF5AF2902E15900777D11 /* ContentData+CoreDataClass.swift */; };
		F69DF5B22902E15900777D11 /* ContentData+CoreDataProperties.swift in Sources */ = {isa = PBXBuildFile; fileRef = F69DF5B02902E15900777D11 /* ContentData+CoreDataProperties.swift */; };
		F69DF5B52902E1D400777D11 /* Repository.swift in Sources */ = {isa = PBXBuildFile; fileRef = F69DF5B42902E1D400777D11 /* Repository.swift */; };
		F69DF5B82902EBFD00777D11 /* LoadingView.swift in Sources */ = {isa = PBXBuildFile; fileRef = F69DF5B72902EBFD00777D11 /* LoadingView.swift */; };
		F69DF5BA29052E1F00777D11 /* UIButton+Extension.swift in Sources */ = {isa = PBXBuildFile; fileRef = F69DF5B929052E1E00777D11 /* UIButton+Extension.swift */; };
		F69DF5BD2905309100777D11 /* MainViewController+OptButton.swift in Sources */ = {isa = PBXBuildFile; fileRef = F69DF5BC2905309100777D11 /* MainViewController+OptButton.swift */; };
		F69DF5C12909112100777D11 /* MainViewModel+Mock.swift in Sources */ = {isa = PBXBuildFile; fileRef = F69DF5C02909112100777D11 /* MainViewModel+Mock.swift */; };
		F69DF5C42909184000777D11 /* Alert.swift in Sources */ = {isa = PBXBuildFile; fileRef = F69DF5C32909184000777D11 /* Alert.swift */; };
		F69DF5C629091DA900777D11 /* ContentNotification.swift in Sources */ = {isa = PBXBuildFile; fileRef = F69DF5C529091DA900777D11 /* ContentNotification.swift */; };
		F6B24137290A4ADC00C3224A /* UILabel.swift in Sources */ = {isa = PBXBuildFile; fileRef = F6B24136290A4ADC00C3224A /* UILabel.swift */; };
		F6B24139290A576200C3224A /* List+Extention.swift in Sources */ = {isa = PBXBuildFile; fileRef = F6B24138290A576200C3224A /* List+Extention.swift */; };
		F6B2413B290BBD3B00C3224A /* SendTagView.swift in Sources */ = {isa = PBXBuildFile; fileRef = F6B2413A290BBD3B00C3224A /* SendTagView.swift */; };
		F6B2416D291209F200C3224A /* MainViewController+TagButton.swift in Sources */ = {isa = PBXBuildFile; fileRef = F6B2416C291209F200C3224A /* MainViewController+TagButton.swift */; };
/* End PBXBuildFile section */

/* Begin PBXFileReference section */
		F63C707228F561230061A720 /* SendTextView.swift */ = {isa = PBXFileReference; lastKnownFileType = sourcecode.swift; path = SendTextView.swift; sourceTree = "<group>"; };
		F645B4AD28EED2F10019793E /* MEMENTO.app */ = {isa = PBXFileReference; explicitFileType = wrapper.application; includeInIndex = 0; path = MEMENTO.app; sourceTree = BUILT_PRODUCTS_DIR; };
		F645B4B028EED2F10019793E /* AppDelegate.swift */ = {isa = PBXFileReference; lastKnownFileType = sourcecode.swift; path = AppDelegate.swift; sourceTree = "<group>"; };
		F645B4B228EED2F10019793E /* SceneDelegate.swift */ = {isa = PBXFileReference; lastKnownFileType = sourcecode.swift; path = SceneDelegate.swift; sourceTree = "<group>"; };
		F645B4B428EED2F10019793E /* MainViewController.swift */ = {isa = PBXFileReference; lastKnownFileType = sourcecode.swift; path = MainViewController.swift; sourceTree = "<group>"; };
		F645B4BA28EED2F10019793E /* MEMENTO.xcdatamodel */ = {isa = PBXFileReference; lastKnownFileType = wrapper.xcdatamodel; path = MEMENTO.xcdatamodel; sourceTree = "<group>"; };
		F645B4BC28EED2F20019793E /* Assets.xcassets */ = {isa = PBXFileReference; lastKnownFileType = folder.assetcatalog; path = Assets.xcassets; sourceTree = "<group>"; };
		F645B4BF28EED2F20019793E /* Base */ = {isa = PBXFileReference; lastKnownFileType = file.storyboard; name = Base; path = Base.lproj/LaunchScreen.storyboard; sourceTree = "<group>"; };
		F645B4C128EED2F20019793E /* Info.plist */ = {isa = PBXFileReference; lastKnownFileType = text.plist.xml; path = Info.plist; sourceTree = "<group>"; };
		F645B4CD28EED4BC0019793E /* Coordinator.swift */ = {isa = PBXFileReference; lastKnownFileType = sourcecode.swift; path = Coordinator.swift; sourceTree = "<group>"; };
		F645B4CF28EED54E0019793E /* MainCoordinator.swift */ = {isa = PBXFileReference; lastKnownFileType = sourcecode.swift; path = MainCoordinator.swift; sourceTree = "<group>"; };
		F660B95728F3D05F00A39753 /* UIResponder+Extension.swift */ = {isa = PBXFileReference; lastKnownFileType = sourcecode.swift; path = "UIResponder+Extension.swift"; sourceTree = "<group>"; };
		F69AB87E28FFFD0100C533FF /* UIColor+Extension.swift */ = {isa = PBXFileReference; lastKnownFileType = sourcecode.swift; path = "UIColor+Extension.swift"; sourceTree = "<group>"; };
		F69AB8802901188900C533FF /* keyboardExtension.swift */ = {isa = PBXFileReference; lastKnownFileType = sourcecode.swift; path = keyboardExtension.swift; sourceTree = "<group>"; };
		F69AB88329011B9200C533FF /* ContentList+TableView.swift */ = {isa = PBXFileReference; lastKnownFileType = sourcecode.swift; path = "ContentList+TableView.swift"; sourceTree = "<group>"; };
		F69AB88529011BD100C533FF /* MainViewModel.swift */ = {isa = PBXFileReference; lastKnownFileType = sourcecode.swift; path = MainViewModel.swift; sourceTree = "<group>"; };
		F69AB88729011D8E00C533FF /* ContentListView.swift */ = {isa = PBXFileReference; lastKnownFileType = sourcecode.swift; path = ContentListView.swift; sourceTree = "<group>"; };
		F69AB88929011EA100C533FF /* ContentCell.swift */ = {isa = PBXFileReference; lastKnownFileType = sourcecode.swift; path = ContentCell.swift; sourceTree = "<group>"; };
		F69AB88B29011EF700C533FF /* ContentEntity.swift */ = {isa = PBXFileReference; lastKnownFileType = sourcecode.swift; name = ContentEntity.swift; path = MEMENTO/Presentation/Main/View/ContentEntity.swift; sourceTree = SOURCE_ROOT; };
		F69AB88E2901247B00C533FF /* ContentMockData.swift */ = {isa = PBXFileReference; lastKnownFileType = sourcecode.swift; path = ContentMockData.swift; sourceTree = "<group>"; };
		F69DF5A929024F6200777D11 /* ContentOptionView.swift */ = {isa = PBXFileReference; lastKnownFileType = sourcecode.swift; path = ContentOptionView.swift; sourceTree = "<group>"; };
		F69DF5AF2902E15900777D11 /* ContentData+CoreDataClass.swift */ = {isa = PBXFileReference; lastKnownFileType = sourcecode.swift; path = "ContentData+CoreDataClass.swift"; sourceTree = "<group>"; };
		F69DF5B02902E15900777D11 /* ContentData+CoreDataProperties.swift */ = {isa = PBXFileReference; lastKnownFileType = sourcecode.swift; path = "ContentData+CoreDataProperties.swift"; sourceTree = "<group>"; };
		F69DF5B42902E1D400777D11 /* Repository.swift */ = {isa = PBXFileReference; lastKnownFileType = sourcecode.swift; path = Repository.swift; sourceTree = "<group>"; };
		F69DF5B72902EBFD00777D11 /* LoadingView.swift */ = {isa = PBXFileReference; lastKnownFileType = sourcecode.swift; path = LoadingView.swift; sourceTree = "<group>"; };
		F69DF5B929052E1E00777D11 /* UIButton+Extension.swift */ = {isa = PBXFileReference; lastKnownFileType = sourcecode.swift; path = "UIButton+Extension.swift"; sourceTree = "<group>"; };
		F69DF5BC2905309100777D11 /* MainViewController+OptButton.swift */ = {isa = PBXFileReference; lastKnownFileType = sourcecode.swift; path = "MainViewController+OptButton.swift"; sourceTree = "<group>"; };
		F69DF5C02909112100777D11 /* MainViewModel+Mock.swift */ = {isa = PBXFileReference; lastKnownFileType = sourcecode.swift; path = "MainViewModel+Mock.swift"; sourceTree = "<group>"; };
		F69DF5C32909184000777D11 /* Alert.swift */ = {isa = PBXFileReference; lastKnownFileType = sourcecode.swift; path = Alert.swift; sourceTree = "<group>"; };
		F69DF5C529091DA900777D11 /* ContentNotification.swift */ = {isa = PBXFileReference; lastKnownFileType = sourcecode.swift; path = ContentNotification.swift; sourceTree = "<group>"; };
		F6B24136290A4ADC00C3224A /* UILabel.swift */ = {isa = PBXFileReference; lastKnownFileType = sourcecode.swift; path = UILabel.swift; sourceTree = "<group>"; };
		F6B24138290A576200C3224A /* List+Extention.swift */ = {isa = PBXFileReference; lastKnownFileType = sourcecode.swift; path = "List+Extention.swift"; sourceTree = "<group>"; };
		F6B2413A290BBD3B00C3224A /* SendTagView.swift */ = {isa = PBXFileReference; lastKnownFileType = sourcecode.swift; path = SendTagView.swift; sourceTree = "<group>"; };
		F6B2416C291209F200C3224A /* MainViewController+TagButton.swift */ = {isa = PBXFileReference; lastKnownFileType = sourcecode.swift; path = "MainViewController+TagButton.swift"; sourceTree = "<group>"; };
/* End PBXFileReference section */

/* Begin PBXFrameworksBuildPhase section */
		F645B4AA28EED2F10019793E /* Frameworks */ = {
			isa = PBXFrameworksBuildPhase;
			buildActionMask = 2147483647;
			files = (
			);
			runOnlyForDeploymentPostprocessing = 0;
		};
/* End PBXFrameworksBuildPhase section */

/* Begin PBXGroup section */
		F645B4A428EED2F10019793E = {
			isa = PBXGroup;
			children = (
				F645B4AF28EED2F10019793E /* MEMENTO */,
				F645B4AE28EED2F10019793E /* Products */,
			);
			sourceTree = "<group>";
		};
		F645B4AE28EED2F10019793E /* Products */ = {
			isa = PBXGroup;
			children = (
				F645B4AD28EED2F10019793E /* MEMENTO.app */,
			);
			name = Products;
			sourceTree = "<group>";
		};
		F645B4AF28EED2F10019793E /* MEMENTO */ = {
			isa = PBXGroup;
			children = (
				F69DF5C22909183400777D11 /* Constant */,
				F69AB87D28FFFCED00C533FF /* Extension */,
				F645B4CC28EED44E0019793E /* Resource */,
				F645B4CB28EED4400019793E /* Flow */,
				F645B4CA28EED3350019793E /* Domain */,
				F645B4C928EED32B0019793E /* Presentation */,
				F645B4C828EED3230019793E /* Data */,
				F645B4C128EED2F20019793E /* Info.plist */,
				F645B4B928EED2F10019793E /* MEMENTO.xcdatamodeld */,
			);
			path = MEMENTO;
			sourceTree = "<group>";
		};
		F645B4C828EED3230019793E /* Data */ = {
			isa = PBXGroup;
			children = (
				F69AB88D2901246A00C533FF /* MockData */,
				F69DF5B42902E1D400777D11 /* Repository.swift */,
			);
			path = Data;
			sourceTree = "<group>";
		};
		F645B4C928EED32B0019793E /* Presentation */ = {
			isa = PBXGroup;
			children = (
				F69DF5B62902EBEF00777D11 /* Component */,
				F645B4D128EED7450019793E /* Main */,
				F63C707228F561230061A720 /* SendTextView.swift */,
				F6B2413A290BBD3B00C3224A /* SendTagView.swift */,
			);
			path = Presentation;
			sourceTree = "<group>";
		};
		F645B4CA28EED3350019793E /* Domain */ = {
			isa = PBXGroup;
			children = (
				F69DF5B32902E1A800777D11 /* Entity */,
				F69AB88B29011EF700C533FF /* ContentEntity.swift */,
				F69DF5C529091DA900777D11 /* ContentNotification.swift */,
			);
			path = Domain;
			sourceTree = "<group>";
		};
		F645B4CB28EED4400019793E /* Flow */ = {
			isa = PBXGroup;
			children = (
				F645B4CD28EED4BC0019793E /* Coordinator.swift */,
				F645B4CF28EED54E0019793E /* MainCoordinator.swift */,
			);
			path = Flow;
			sourceTree = "<group>";
		};
		F645B4CC28EED44E0019793E /* Resource */ = {
			isa = PBXGroup;
			children = (
				F645B4B028EED2F10019793E /* AppDelegate.swift */,
				F645B4B228EED2F10019793E /* SceneDelegate.swift */,
				F645B4BC28EED2F20019793E /* Assets.xcassets */,
				F645B4BE28EED2F20019793E /* LaunchScreen.storyboard */,
			);
			path = Resource;
			sourceTree = "<group>";
		};
		F645B4D128EED7450019793E /* Main */ = {
			isa = PBXGroup;
			children = (
				F69DF5BB2905304900777D11 /* ViewController */,
				F69AB88229011A9000C533FF /* View */,
				F69AB88529011BD100C533FF /* MainViewModel.swift */,
				F69DF5C02909112100777D11 /* MainViewModel+Mock.swift */,
			);
			path = Main;
			sourceTree = "<group>";
		};
		F69AB87D28FFFCED00C533FF /* Extension */ = {
			isa = PBXGroup;
			children = (
				F660B95728F3D05F00A39753 /* UIResponder+Extension.swift */,
				F69AB87E28FFFD0100C533FF /* UIColor+Extension.swift */,
				F69DF5B929052E1E00777D11 /* UIButton+Extension.swift */,
				F6B24138290A576200C3224A /* List+Extention.swift */,
			);
			path = Extension;
			sourceTree = "<group>";
		};
		F69AB88229011A9000C533FF /* View */ = {
			isa = PBXGroup;
			children = (
				F69AB88329011B9200C533FF /* ContentList+TableView.swift */,
				F69AB88729011D8E00C533FF /* ContentListView.swift */,
				F69AB88929011EA100C533FF /* ContentCell.swift */,
				F69DF5A929024F6200777D11 /* ContentOptionView.swift */,
			);
			path = View;
			sourceTree = "<group>";
		};
		F69AB88D2901246A00C533FF /* MockData */ = {
			isa = PBXGroup;
			children = (
				F69AB88E2901247B00C533FF /* ContentMockData.swift */,
			);
			path = MockData;
			sourceTree = "<group>";
		};
		F69DF5B32902E1A800777D11 /* Entity */ = {
			isa = PBXGroup;
			children = (
				F69DF5AF2902E15900777D11 /* ContentData+CoreDataClass.swift */,
				F69DF5B02902E15900777D11 /* ContentData+CoreDataProperties.swift */,
			);
			path = Entity;
			sourceTree = "<group>";
		};
		F69DF5B62902EBEF00777D11 /* Component */ = {
			isa = PBXGroup;
			children = (
				F69DF5B72902EBFD00777D11 /* LoadingView.swift */,
			);
			path = Component;
			sourceTree = "<group>";
		};
		F69DF5BB2905304900777D11 /* ViewController */ = {
			isa = PBXGroup;
			children = (
				F69AB8802901188900C533FF /* keyboardExtension.swift */,
				F645B4B428EED2F10019793E /* MainViewController.swift */,
				F69DF5BC2905309100777D11 /* MainViewController+OptButton.swift */,
				F6B2416C291209F200C3224A /* MainViewController+TagButton.swift */,
			);
			path = ViewController;
			sourceTree = "<group>";
		};
		F69DF5C22909183400777D11 /* Constant */ = {
			isa = PBXGroup;
			children = (
				F69DF5C32909184000777D11 /* Alert.swift */,
				F6B24136290A4ADC00C3224A /* UILabel.swift */,
			);
			path = Constant;
			sourceTree = "<group>";
		};
/* End PBXGroup section */

/* Begin PBXNativeTarget section */
		F645B4AC28EED2F10019793E /* MEMENTO */ = {
			isa = PBXNativeTarget;
			buildConfigurationList = F645B4C428EED2F20019793E /* Build configuration list for PBXNativeTarget "MEMENTO" */;
			buildPhases = (
				F645B4A928EED2F10019793E /* Sources */,
				F645B4AA28EED2F10019793E /* Frameworks */,
				F645B4AB28EED2F10019793E /* Resources */,
			);
			buildRules = (
			);
			dependencies = (
			);
			name = MEMENTO;
			productName = MEMENTO;
			productReference = F645B4AD28EED2F10019793E /* MEMENTO.app */;
			productType = "com.apple.product-type.application";
		};
/* End PBXNativeTarget section */

/* Begin PBXProject section */
		F645B4A528EED2F10019793E /* Project object */ = {
			isa = PBXProject;
			attributes = {
				BuildIndependentTargetsInParallel = 1;
				LastSwiftUpdateCheck = 1400;
				LastUpgradeCheck = 1400;
				TargetAttributes = {
					F645B4AC28EED2F10019793E = {
						CreatedOnToolsVersion = 14.0;
					};
				};
			};
			buildConfigurationList = F645B4A828EED2F10019793E /* Build configuration list for PBXProject "MEMENTO" */;
			compatibilityVersion = "Xcode 14.0";
			developmentRegion = en;
			hasScannedForEncodings = 0;
			knownRegions = (
				en,
				Base,
			);
			mainGroup = F645B4A428EED2F10019793E;
			productRefGroup = F645B4AE28EED2F10019793E /* Products */;
			projectDirPath = "";
			projectRoot = "";
			targets = (
				F645B4AC28EED2F10019793E /* MEMENTO */,
			);
		};
/* End PBXProject section */

/* Begin PBXResourcesBuildPhase section */
		F645B4AB28EED2F10019793E /* Resources */ = {
			isa = PBXResourcesBuildPhase;
			buildActionMask = 2147483647;
			files = (
				F645B4C028EED2F20019793E /* LaunchScreen.storyboard in Resources */,
				F645B4BD28EED2F20019793E /* Assets.xcassets in Resources */,
			);
			runOnlyForDeploymentPostprocessing = 0;
		};
/* End PBXResourcesBuildPhase section */

/* Begin PBXSourcesBuildPhase section */
		F645B4A928EED2F10019793E /* Sources */ = {
			isa = PBXSourcesBuildPhase;
			buildActionMask = 2147483647;
			files = (
				F69DF5C12909112100777D11 /* MainViewModel+Mock.swift in Sources */,
				F645B4B528EED2F10019793E /* MainViewController.swift in Sources */,
				F6B2416D291209F200C3224A /* MainViewController+TagButton.swift in Sources */,
				F69AB88C29011EF700C533FF /* ContentEntity.swift in Sources */,
				F69AB88A29011EA100C533FF /* ContentCell.swift in Sources */,
				F6B24137290A4ADC00C3224A /* UILabel.swift in Sources */,
				F69DF5BA29052E1F00777D11 /* UIButton+Extension.swift in Sources */,
				F660B95828F3D05F00A39753 /* UIResponder+Extension.swift in Sources */,
				F69AB88429011B9200C533FF /* ContentList+TableView.swift in Sources */,
				F69DF5C629091DA900777D11 /* ContentNotification.swift in Sources */,
				F69DF5B82902EBFD00777D11 /* LoadingView.swift in Sources */,
				F69AB88829011D8E00C533FF /* ContentListView.swift in Sources */,
				F645B4D028EED54E0019793E /* MainCoordinator.swift in Sources */,
				F6B24139290A576200C3224A /* List+Extention.swift in Sources */,
				F69DF5B52902E1D400777D11 /* Repository.swift in Sources */,
				F69AB87F28FFFD0100C533FF /* UIColor+Extension.swift in Sources */,
				F6B2413B290BBD3B00C3224A /* SendTagView.swift in Sources */,
				F645B4BB28EED2F10019793E /* MEMENTO.xcdatamodeld in Sources */,
				F69DF5B12902E15900777D11 /* ContentData+CoreDataClass.swift in Sources */,
				F69DF5BD2905309100777D11 /* MainViewController+OptButton.swift in Sources */,
				F645B4CE28EED4BC0019793E /* Coordinator.swift in Sources */,
				F645B4B128EED2F10019793E /* AppDelegate.swift in Sources */,
				F69DF5C42909184000777D11 /* Alert.swift in Sources */,
				F69DF5B22902E15900777D11 /* ContentData+CoreDataProperties.swift in Sources */,
				F645B4B328EED2F10019793E /* SceneDelegate.swift in Sources */,
				F69AB8812901188900C533FF /* keyboardExtension.swift in Sources */,
				F63C707328F561230061A720 /* SendTextView.swift in Sources */,
				F69DF5AA29024F6200777D11 /* ContentOptionView.swift in Sources */,
				F69AB88629011BD100C533FF /* MainViewModel.swift in Sources */,
				F69AB88F2901247B00C533FF /* ContentMockData.swift in Sources */,
			);
			runOnlyForDeploymentPostprocessing = 0;
		};
/* End PBXSourcesBuildPhase section */

/* Begin PBXVariantGroup section */
		F645B4BE28EED2F20019793E /* LaunchScreen.storyboard */ = {
			isa = PBXVariantGroup;
			children = (
				F645B4BF28EED2F20019793E /* Base */,
			);
			name = LaunchScreen.storyboard;
			sourceTree = "<group>";
		};
/* End PBXVariantGroup section */

/* Begin XCBuildConfiguration section */
		F645B4C228EED2F20019793E /* Debug */ = {
			isa = XCBuildConfiguration;
			buildSettings = {
				ALWAYS_SEARCH_USER_PATHS = NO;
				CLANG_ANALYZER_NONNULL = YES;
				CLANG_ANALYZER_NUMBER_OBJECT_CONVERSION = YES_AGGRESSIVE;
				CLANG_CXX_LANGUAGE_STANDARD = "gnu++20";
				CLANG_ENABLE_MODULES = YES;
				CLANG_ENABLE_OBJC_ARC = YES;
				CLANG_ENABLE_OBJC_WEAK = YES;
				CLANG_WARN_BLOCK_CAPTURE_AUTORELEASING = YES;
				CLANG_WARN_BOOL_CONVERSION = YES;
				CLANG_WARN_COMMA = YES;
				CLANG_WARN_CONSTANT_CONVERSION = YES;
				CLANG_WARN_DEPRECATED_OBJC_IMPLEMENTATIONS = YES;
				CLANG_WARN_DIRECT_OBJC_ISA_USAGE = YES_ERROR;
				CLANG_WARN_DOCUMENTATION_COMMENTS = YES;
				CLANG_WARN_EMPTY_BODY = YES;
				CLANG_WARN_ENUM_CONVERSION = YES;
				CLANG_WARN_INFINITE_RECURSION = YES;
				CLANG_WARN_INT_CONVERSION = YES;
				CLANG_WARN_NON_LITERAL_NULL_CONVERSION = YES;
				CLANG_WARN_OBJC_IMPLICIT_RETAIN_SELF = YES;
				CLANG_WARN_OBJC_LITERAL_CONVERSION = YES;
				CLANG_WARN_OBJC_ROOT_CLASS = YES_ERROR;
				CLANG_WARN_QUOTED_INCLUDE_IN_FRAMEWORK_HEADER = YES;
				CLANG_WARN_RANGE_LOOP_ANALYSIS = YES;
				CLANG_WARN_STRICT_PROTOTYPES = YES;
				CLANG_WARN_SUSPICIOUS_MOVE = YES;
				CLANG_WARN_UNGUARDED_AVAILABILITY = YES_AGGRESSIVE;
				CLANG_WARN_UNREACHABLE_CODE = YES;
				CLANG_WARN__DUPLICATE_METHOD_MATCH = YES;
				COPY_PHASE_STRIP = NO;
				DEBUG_INFORMATION_FORMAT = dwarf;
				ENABLE_STRICT_OBJC_MSGSEND = YES;
				ENABLE_TESTABILITY = YES;
				GCC_C_LANGUAGE_STANDARD = gnu11;
				GCC_DYNAMIC_NO_PIC = NO;
				GCC_NO_COMMON_BLOCKS = YES;
				GCC_OPTIMIZATION_LEVEL = 0;
				GCC_PREPROCESSOR_DEFINITIONS = (
					"DEBUG=1",
					"$(inherited)",
				);
				GCC_WARN_64_TO_32_BIT_CONVERSION = YES;
				GCC_WARN_ABOUT_RETURN_TYPE = YES_ERROR;
				GCC_WARN_UNDECLARED_SELECTOR = YES;
				GCC_WARN_UNINITIALIZED_AUTOS = YES_AGGRESSIVE;
				GCC_WARN_UNUSED_FUNCTION = YES;
				GCC_WARN_UNUSED_VARIABLE = YES;
				IPHONEOS_DEPLOYMENT_TARGET = 16.0;
				MTL_ENABLE_DEBUG_INFO = INCLUDE_SOURCE;
				MTL_FAST_MATH = YES;
				ONLY_ACTIVE_ARCH = YES;
				SDKROOT = iphoneos;
				SWIFT_ACTIVE_COMPILATION_CONDITIONS = DEBUG;
				SWIFT_OPTIMIZATION_LEVEL = "-Onone";
			};
			name = Debug;
		};
		F645B4C328EED2F20019793E /* Release */ = {
			isa = XCBuildConfiguration;
			buildSettings = {
				ALWAYS_SEARCH_USER_PATHS = NO;
				CLANG_ANALYZER_NONNULL = YES;
				CLANG_ANALYZER_NUMBER_OBJECT_CONVERSION = YES_AGGRESSIVE;
				CLANG_CXX_LANGUAGE_STANDARD = "gnu++20";
				CLANG_ENABLE_MODULES = YES;
				CLANG_ENABLE_OBJC_ARC = YES;
				CLANG_ENABLE_OBJC_WEAK = YES;
				CLANG_WARN_BLOCK_CAPTURE_AUTORELEASING = YES;
				CLANG_WARN_BOOL_CONVERSION = YES;
				CLANG_WARN_COMMA = YES;
				CLANG_WARN_CONSTANT_CONVERSION = YES;
				CLANG_WARN_DEPRECATED_OBJC_IMPLEMENTATIONS = YES;
				CLANG_WARN_DIRECT_OBJC_ISA_USAGE = YES_ERROR;
				CLANG_WARN_DOCUMENTATION_COMMENTS = YES;
				CLANG_WARN_EMPTY_BODY = YES;
				CLANG_WARN_ENUM_CONVERSION = YES;
				CLANG_WARN_INFINITE_RECURSION = YES;
				CLANG_WARN_INT_CONVERSION = YES;
				CLANG_WARN_NON_LITERAL_NULL_CONVERSION = YES;
				CLANG_WARN_OBJC_IMPLICIT_RETAIN_SELF = YES;
				CLANG_WARN_OBJC_LITERAL_CONVERSION = YES;
				CLANG_WARN_OBJC_ROOT_CLASS = YES_ERROR;
				CLANG_WARN_QUOTED_INCLUDE_IN_FRAMEWORK_HEADER = YES;
				CLANG_WARN_RANGE_LOOP_ANALYSIS = YES;
				CLANG_WARN_STRICT_PROTOTYPES = YES;
				CLANG_WARN_SUSPICIOUS_MOVE = YES;
				CLANG_WARN_UNGUARDED_AVAILABILITY = YES_AGGRESSIVE;
				CLANG_WARN_UNREACHABLE_CODE = YES;
				CLANG_WARN__DUPLICATE_METHOD_MATCH = YES;
				COPY_PHASE_STRIP = NO;
				DEBUG_INFORMATION_FORMAT = "dwarf-with-dsym";
				ENABLE_NS_ASSERTIONS = NO;
				ENABLE_STRICT_OBJC_MSGSEND = YES;
				GCC_C_LANGUAGE_STANDARD = gnu11;
				GCC_NO_COMMON_BLOCKS = YES;
				GCC_WARN_64_TO_32_BIT_CONVERSION = YES;
				GCC_WARN_ABOUT_RETURN_TYPE = YES_ERROR;
				GCC_WARN_UNDECLARED_SELECTOR = YES;
				GCC_WARN_UNINITIALIZED_AUTOS = YES_AGGRESSIVE;
				GCC_WARN_UNUSED_FUNCTION = YES;
				GCC_WARN_UNUSED_VARIABLE = YES;
				IPHONEOS_DEPLOYMENT_TARGET = 16.0;
				MTL_ENABLE_DEBUG_INFO = NO;
				MTL_FAST_MATH = YES;
				SDKROOT = iphoneos;
				SWIFT_COMPILATION_MODE = wholemodule;
				SWIFT_OPTIMIZATION_LEVEL = "-O";
				VALIDATE_PRODUCT = YES;
			};
			name = Release;
		};
		F645B4C528EED2F20019793E /* Debug */ = {
			isa = XCBuildConfiguration;
			buildSettings = {
				ASSETCATALOG_COMPILER_APPICON_NAME = AppIcon;
				ASSETCATALOG_COMPILER_GLOBAL_ACCENT_COLOR_NAME = AccentColor;
				CODE_SIGN_STYLE = Automatic;
				CURRENT_PROJECT_VERSION = 1;
				DEVELOPMENT_TEAM = XM6U38MLW4;
				GENERATE_INFOPLIST_FILE = YES;
				INFOPLIST_FILE = MEMENTO/Info.plist;
				INFOPLIST_KEY_UIApplicationSupportsIndirectInputEvents = YES;
				INFOPLIST_KEY_UILaunchStoryboardName = LaunchScreen;
				INFOPLIST_KEY_UISupportedInterfaceOrientations_iPad = "UIInterfaceOrientationPortrait UIInterfaceOrientationPortraitUpsideDown UIInterfaceOrientationLandscapeLeft UIInterfaceOrientationLandscapeRight";
				INFOPLIST_KEY_UISupportedInterfaceOrientations_iPhone = "UIInterfaceOrientationPortrait UIInterfaceOrientationLandscapeLeft UIInterfaceOrientationLandscapeRight";
				LD_RUNPATH_SEARCH_PATHS = (
					"$(inherited)",
					"@executable_path/Frameworks",
				);
				MARKETING_VERSION = 1.0;
				PRODUCT_BUNDLE_IDENTIFIER = susan.MEMENTO;
				PRODUCT_NAME = "$(TARGET_NAME)";
				SWIFT_EMIT_LOC_STRINGS = YES;
				SWIFT_VERSION = 5.0;
				TARGETED_DEVICE_FAMILY = "1,2";
			};
			name = Debug;
		};
		F645B4C628EED2F20019793E /* Release */ = {
			isa = XCBuildConfiguration;
			buildSettings = {
				ASSETCATALOG_COMPILER_APPICON_NAME = AppIcon;
				ASSETCATALOG_COMPILER_GLOBAL_ACCENT_COLOR_NAME = AccentColor;
				CODE_SIGN_STYLE = Automatic;
				CURRENT_PROJECT_VERSION = 1;
				DEVELOPMENT_TEAM = XM6U38MLW4;
				GENERATE_INFOPLIST_FILE = YES;
				INFOPLIST_FILE = MEMENTO/Info.plist;
				INFOPLIST_KEY_UIApplicationSupportsIndirectInputEvents = YES;
				INFOPLIST_KEY_UILaunchStoryboardName = LaunchScreen;
				INFOPLIST_KEY_UISupportedInterfaceOrientations_iPad = "UIInterfaceOrientationPortrait UIInterfaceOrientationPortraitUpsideDown UIInterfaceOrientationLandscapeLeft UIInterfaceOrientationLandscapeRight";
				INFOPLIST_KEY_UISupportedInterfaceOrientations_iPhone = "UIInterfaceOrientationPortrait UIInterfaceOrientationLandscapeLeft UIInterfaceOrientationLandscapeRight";
				LD_RUNPATH_SEARCH_PATHS = (
					"$(inherited)",
					"@executable_path/Frameworks",
				);
				MARKETING_VERSION = 1.0;
				PRODUCT_BUNDLE_IDENTIFIER = susan.MEMENTO;
				PRODUCT_NAME = "$(TARGET_NAME)";
				SWIFT_EMIT_LOC_STRINGS = YES;
				SWIFT_VERSION = 5.0;
				TARGETED_DEVICE_FAMILY = "1,2";
			};
			name = Release;
		};
/* End XCBuildConfiguration section */

/* Begin XCConfigurationList section */
		F645B4A828EED2F10019793E /* Build configuration list for PBXProject "MEMENTO" */ = {
			isa = XCConfigurationList;
			buildConfigurations = (
				F645B4C228EED2F20019793E /* Debug */,
				F645B4C328EED2F20019793E /* Release */,
			);
			defaultConfigurationIsVisible = 0;
			defaultConfigurationName = Release;
		};
		F645B4C428EED2F20019793E /* Build configuration list for PBXNativeTarget "MEMENTO" */ = {
			isa = XCConfigurationList;
			buildConfigurations = (
				F645B4C528EED2F20019793E /* Debug */,
				F645B4C628EED2F20019793E /* Release */,
			);
			defaultConfigurationIsVisible = 0;
			defaultConfigurationName = Release;
		};
/* End XCConfigurationList section */

/* Begin XCVersionGroup section */
		F645B4B928EED2F10019793E /* MEMENTO.xcdatamodeld */ = {
			isa = XCVersionGroup;
			children = (
				F645B4BA28EED2F10019793E /* MEMENTO.xcdatamodel */,
			);
			currentVersion = F645B4BA28EED2F10019793E /* MEMENTO.xcdatamodel */;
			path = MEMENTO.xcdatamodeld;
			sourceTree = "<group>";
			versionGroupType = wrapper.xcdatamodel;
		};
/* End XCVersionGroup section */
	};
	rootObject = F645B4A528EED2F10019793E /* Project object */;
}
